
Microsoft Visual Studio Solution File, Format Version 12.00
# Visual Studio Version 17
VisualStudioVersion = 17.1.32414.318
MinimumVisualStudioVersion = 10.0.40219.1
Project("{FAE04EC0-301F-11D3-BF4B-00C04F79EFBC}") = "Aspiring.DataGenerator.Dates", "Aspiring.DataGenerator.Dates\Aspiring.DataGenerator.Dates.csproj", "{41004CAC-BA84-4809-950A-0533F7ABA2C3}"
EndProject
Project("{FAE04EC0-301F-11D3-BF4B-00C04F79EFBC}") = "Aspiring.DataGenerator", "Aspiring.DataGenerator\Aspiring.DataGenerator.csproj", "{5ED9B655-D4D8-4341-B59D-52CFD225715D}"
EndProject
Project("{FAE04EC0-301F-11D3-BF4B-00C04F79EFBC}") = "DataGenerator", "DataGenerator\DataGenerator.csproj", "{A3627E7C-BC71-48D1-95CE-AAB65713FABB}"
EndProject
Project("{FAE04EC0-301F-11D3-BF4B-00C04F79EFBC}") = "Aspiring.DataGenerator.Primitives", "Aspiring.DataGenerator.Primitives\Aspiring.DataGenerator.Primitives.csproj", "{5F638C21-3F5F-442F-872D-B0CFBD613FD5}"
EndProject
Global
	GlobalSection(SolutionConfigurationPlatforms) = preSolution
		Debug|Any CPU = Debug|Any CPU
		Release|Any CPU = Release|Any CPU
	EndGlobalSection
	GlobalSection(ProjectConfigurationPlatforms) = postSolution
		{41004CAC-BA84-4809-950A-0533F7ABA2C3}.Debug|Any CPU.ActiveCfg = Debug|Any CPU
		{41004CAC-BA84-4809-950A-0533F7ABA2C3}.Debug|Any CPU.Build.0 = Debug|Any CPU
		{41004CAC-BA84-4809-950A-0533F7ABA2C3}.Release|Any CPU.ActiveCfg = Release|Any CPU
		{41004CAC-BA84-4809-950A-0533F7ABA2C3}.Release|Any CPU.Build.0 = Release|Any CPU
		{5ED9B655-D4D8-4341-B59D-52CFD225715D}.Debug|Any CPU.ActiveCfg = Debug|Any CPU
		{5ED9B655-D4D8-4341-B59D-52CFD225715D}.Debug|Any CPU.Build.0 = Debug|Any CPU
		{5ED9B655-D4D8-4341-B59D-52CFD225715D}.Release|Any CPU.ActiveCfg = Release|Any CPU
		{5ED9B655-D4D8-4341-B59D-52CFD225715D}.Release|Any CPU.Build.0 = Release|Any CPU
		{A3627E7C-BC71-48D1-95CE-AAB65713FABB}.Debug|Any CPU.ActiveCfg = Debug|Any CPU
		{A3627E7C-BC71-48D1-95CE-AAB65713FABB}.Debug|Any CPU.Build.0 = Debug|Any CPU
		{A3627E7C-BC71-48D1-95CE-AAB65713FABB}.Release|Any CPU.ActiveCfg = Release|Any CPU
		{A3627E7C-BC71-48D1-95CE-AAB65713FABB}.Release|Any CPU.Build.0 = Release|Any CPU
		{5F638C21-3F5F-442F-872D-B0CFBD613FD5}.Debug|Any CPU.ActiveCfg = Debug|Any CPU
		{5F638C21-3F5F-442F-872D-B0CFBD613FD5}.Debug|Any CPU.Build.0 = Debug|Any CPU
		{5F638C21-3F5F-442F-872D-B0CFBD613FD5}.Release|Any CPU.ActiveCfg = Release|Any CPU
		{5F638C21-3F5F-442F-872D-B0CFBD613FD5}.Release|Any CPU.Build.0 = Release|Any CPU
	EndGlobalSection
	GlobalSection(SolutionProperties) = preSolution
		HideSolutionNode = FALSE
	EndGlobalSection
	GlobalSection(ExtensibilityGlobals) = postSolution
		SolutionGuid = {A67F439E-AB58-43EA-9F1D-A06D7E90EDE5}
	EndGlobalSection
EndGlobal
